
Microsoft Visual Studio Solution File, Format Version 12.00
# Visual Studio Version 17
VisualStudioVersion = 17.4.33205.214
MinimumVisualStudioVersion = 10.0.40219.1
Project("{FAE04EC0-301F-11D3-BF4B-00C04F79EFBC}") = "Employee_Assign1", "Employee_Assign1\Employee_Assign1.csproj", "{33FE3630-0523-40A1-8CE5-9378242FE592}"
EndProject
Global
	GlobalSection(SolutionConfigurationPlatforms) = preSolution
		Debug|Any CPU = Debug|Any CPU
		Release|Any CPU = Release|Any CPU
	EndGlobalSection
	GlobalSection(ProjectConfigurationPlatforms) = postSolution
		{33FE3630-0523-40A1-8CE5-9378242FE592}.Debug|Any CPU.ActiveCfg = Debug|Any CPU
		{33FE3630-0523-40A1-8CE5-9378242FE592}.Debug|Any CPU.Build.0 = Debug|Any CPU
		{33FE3630-0523-40A1-8CE5-9378242FE592}.Release|Any CPU.ActiveCfg = Release|Any CPU
		{33FE3630-0523-40A1-8CE5-9378242FE592}.Release|Any CPU.Build.0 = Release|Any CPU
	EndGlobalSection
	GlobalSection(SolutionProperties) = preSolution
		HideSolutionNode = FALSE
	EndGlobalSection
	GlobalSection(ExtensibilityGlobals) = postSolution
		SolutionGuid = {B8C3E95E-E49D-4EB3-814E-0296F3DF49E7}
	EndGlobalSection
EndGlobal
